Microsoft Visual Studio Solution File, Format Version 11.00
# Visual Studio 2008

Project("{99BDD274-9014-DFDB-8856-FA7852614F3E}") = "testScene", "Assembly-CSharp-firstpass.csproj", "{77FFB8A7-B1E1-48DF-DCBA-6B781AFC55B8}"
EndProject
Project("{99BDD274-9014-DFDB-8856-FA7852614F3E}") = "testScene", "Assembly-CSharp.csproj", "{68A36A58-D4D5-644C-0E08-482A20B0D465}"
EndProject
Project("{99BDD274-9014-DFDB-8856-FA7852614F3E}") = "testScene", "Assembly-CSharp-Editor.csproj", "{6FA7B63E-DD8D-E108-D3DF-9D166A685150}"
EndProject
Global
	GlobalSection(SolutionConfigurationPlatforms) = preSolution
		Debug|Any CPU = Debug|Any CPU
		Release|Any CPU = Release|Any CPU
	EndGlobalSection
	GlobalSection(ProjectConfigurationPlatforms) = postSolution
		{77FFB8A7-B1E1-48DF-DCBA-6B781AFC55B8}.Debug|Any CPU.ActiveCfg = Debug|Any CPU
		{77FFB8A7-B1E1-48DF-DCBA-6B781AFC55B8}.Debug|Any CPU.Build.0 = Debug|Any CPU
		{77FFB8A7-B1E1-48DF-DCBA-6B781AFC55B8}.Release|Any CPU.ActiveCfg = Release|Any CPU
		{77FFB8A7-B1E1-48DF-DCBA-6B781AFC55B8}.Release|Any CPU.Build.0 = Release|Any CPU
		{68A36A58-D4D5-644C-0E08-482A20B0D465}.Debug|Any CPU.ActiveCfg = Debug|Any CPU
		{68A36A58-D4D5-644C-0E08-482A20B0D465}.Debug|Any CPU.Build.0 = Debug|Any CPU
		{68A36A58-D4D5-644C-0E08-482A20B0D465}.Release|Any CPU.ActiveCfg = Release|Any CPU
		{68A36A58-D4D5-644C-0E08-482A20B0D465}.Release|Any CPU.Build.0 = Release|Any CPU
		{6FA7B63E-DD8D-E108-D3DF-9D166A685150}.Debug|Any CPU.ActiveCfg = Debug|Any CPU
		{6FA7B63E-DD8D-E108-D3DF-9D166A685150}.Debug|Any CPU.Build.0 = Debug|Any CPU
		{6FA7B63E-DD8D-E108-D3DF-9D166A685150}.Release|Any CPU.ActiveCfg = Release|Any CPU
		{6FA7B63E-DD8D-E108-D3DF-9D166A685150}.Release|Any CPU.Build.0 = Release|Any CPU
	EndGlobalSection
	GlobalSection(SolutionProperties) = preSolution
		HideSolutionNode = FALSE
	EndGlobalSection
	GlobalSection(MonoDevelopProperties) = preSolution
		StartupItem = Assembly-CSharp.csproj
	EndGlobalSection
EndGlobal
